
Microsoft Visual Studio Solution File, Format Version 12.00
# Visual Studio Version 16
VisualStudioVersion = 16.0.32510.428
MinimumVisualStudioVersion = 10.0.40219.1
Project("{FAE04EC0-301F-11D3-BF4B-00C04F79EFBC}") = "LibraryManagementSystem", "LibraryManagementSystem.csproj", "{386437E7-085C-4E0D-841D-1C697D66231C}"
EndProject
Global
	GlobalSection(SolutionConfigurationPlatforms) = preSolution
		Debug|Any CPU = Debug|Any CPU
		Release|Any CPU = Release|Any CPU
	EndGlobalSection
	GlobalSection(ProjectConfigurationPlatforms) = postSolution
		{386437E7-085C-4E0D-841D-1C697D66231C}.Debug|Any CPU.ActiveCfg = Debug|Any CPU
		{386437E7-085C-4E0D-841D-1C697D66231C}.Debug|Any CPU.Build.0 = Debug|Any CPU
		{386437E7-085C-4E0D-841D-1C697D66231C}.Release|Any CPU.ActiveCfg = Release|Any CPU
		{386437E7-085C-4E0D-841D-1C697D66231C}.Release|Any CPU.Build.0 = Release|Any CPU
	EndGlobalSection
	GlobalSection(SolutionProperties) = preSolution
		HideSolutionNode = FALSE
	EndGlobalSection
	GlobalSection(ExtensibilityGlobals) = postSolution
		SolutionGuid = {A0B299A1-904C-46E5-9DCB-5CF1A290D3FA}
	EndGlobalSection
EndGlobal
